
Microsoft Visual Studio Solution File, Format Version 12.00
# Visual Studio Version 16
VisualStudioVersion = 16.0.29411.108
MinimumVisualStudioVersion = 10.0.40219.1
Project("{FAE04EC0-301F-11D3-BF4B-00C04F79EFBC}") = "WebClient", "WebClient\WebClient.csproj", "{000F5DB2-4C21-49DC-8DB5-14BFBA4D7B51}"
EndProject
Global
	GlobalSection(SolutionConfigurationPlatforms) = preSolution
		Debug|Any CPU = Debug|Any CPU
		Release|Any CPU = Release|Any CPU
	EndGlobalSection
	GlobalSection(ProjectConfigurationPlatforms) = postSolution
		{000F5DB2-4C21-49DC-8DB5-14BFBA4D7B51}.Debug|Any CPU.ActiveCfg = Debug|Any CPU
		{000F5DB2-4C21-49DC-8DB5-14BFBA4D7B51}.Debug|Any CPU.Build.0 = Debug|Any CPU
		{000F5DB2-4C21-49DC-8DB5-14BFBA4D7B51}.Release|Any CPU.ActiveCfg = Release|Any CPU
		{000F5DB2-4C21-49DC-8DB5-14BFBA4D7B51}.Release|Any CPU.Build.0 = Release|Any CPU
	EndGlobalSection
	GlobalSection(SolutionProperties) = preSolution
		HideSolutionNode = FALSE
	EndGlobalSection
	GlobalSection(ExtensibilityGlobals) = postSolution
		SolutionGuid = {304FD5F3-7964-4E19-98D5-79E628F38132}
	EndGlobalSection
EndGlobal
